
Microsoft Visual Studio Solution File, Format Version 12.00
# Visual Studio Version 17
VisualStudioVersion = 17.4.33122.133
MinimumVisualStudioVersion = 10.0.40219.1
Project("{2150E333-8FDC-42A3-9474-1A3956D46DE8}") = "Solution Items", "Solution Items", "{CB84F35A-AF9A-4199-A112-839F765CCC95}"
	ProjectSection(SolutionItems) = preProject
		..\generate_upload_package.ps1 = ..\generate_upload_package.ps1
	EndProjectSection
EndProject
Project("{9A19103F-16F7-4668-BE54-9A1E7A4F7556}") = "UltimatePDF_ExternalLogic", "UltimatePDF_ExternalLogic\UltimatePDF_ExternalLogic.csproj", "{C87AF8E8-3EFB-4B69-AB97-D7B05B17D314}"
EndProject
Project("{FAE04EC0-301F-11D3-BF4B-00C04F79EFBC}") = "UltimatePDF_ExternalLogic.UnitTests", "UltimatePDF_ExternalLogic.UnitTests\UltimatePDF_ExternalLogic.UnitTests.csproj", "{9852B0A7-DDC6-4876-8539-04FFA670B7B3}"
EndProject
Project("{FAE04EC0-301F-11D3-BF4B-00C04F79EFBC}") = "UltimatePDF_ExternalLogic.IntegrationTests", "UltimatePDF_ExternalLogic.IntegrationTests\UltimatePDF_ExternalLogic.IntegrationTests.csproj", "{7DE787C3-F07C-4739-9B23-C82F686332AB}"
EndProject
Global
	GlobalSection(SolutionConfigurationPlatforms) = preSolution
		Debug|Any CPU = Debug|Any CPU
		Debug|x64 = Debug|x64
		Debug|x86 = Debug|x86
		Release|Any CPU = Release|Any CPU
		Release|x64 = Release|x64
		Release|x86 = Release|x86
	EndGlobalSection
	GlobalSection(ProjectConfigurationPlatforms) = postSolution
		{C87AF8E8-3EFB-4B69-AB97-D7B05B17D314}.Debug|Any CPU.ActiveCfg = Debug|Any CPU
		{C87AF8E8-3EFB-4B69-AB97-D7B05B17D314}.Debug|Any CPU.Build.0 = Debug|Any CPU
		{C87AF8E8-3EFB-4B69-AB97-D7B05B17D314}.Debug|x64.ActiveCfg = Debug|Any CPU
		{C87AF8E8-3EFB-4B69-AB97-D7B05B17D314}.Debug|x64.Build.0 = Debug|Any CPU
		{C87AF8E8-3EFB-4B69-AB97-D7B05B17D314}.Debug|x86.ActiveCfg = Debug|Any CPU
		{C87AF8E8-3EFB-4B69-AB97-D7B05B17D314}.Debug|x86.Build.0 = Debug|Any CPU
		{C87AF8E8-3EFB-4B69-AB97-D7B05B17D314}.Release|Any CPU.ActiveCfg = Release|Any CPU
		{C87AF8E8-3EFB-4B69-AB97-D7B05B17D314}.Release|Any CPU.Build.0 = Release|Any CPU
		{C87AF8E8-3EFB-4B69-AB97-D7B05B17D314}.Release|x64.ActiveCfg = Release|Any CPU
		{C87AF8E8-3EFB-4B69-AB97-D7B05B17D314}.Release|x64.Build.0 = Release|Any CPU
		{C87AF8E8-3EFB-4B69-AB97-D7B05B17D314}.Release|x86.ActiveCfg = Release|Any CPU
		{C87AF8E8-3EFB-4B69-AB97-D7B05B17D314}.Release|x86.Build.0 = Release|Any CPU
		{9852B0A7-DDC6-4876-8539-04FFA670B7B3}.Debug|Any CPU.ActiveCfg = Debug|Any CPU
		{9852B0A7-DDC6-4876-8539-04FFA670B7B3}.Debug|Any CPU.Build.0 = Debug|Any CPU
		{9852B0A7-DDC6-4876-8539-04FFA670B7B3}.Debug|x64.ActiveCfg = Debug|Any CPU
		{9852B0A7-DDC6-4876-8539-04FFA670B7B3}.Debug|x64.Build.0 = Debug|Any CPU
		{9852B0A7-DDC6-4876-8539-04FFA670B7B3}.Debug|x86.ActiveCfg = Debug|Any CPU
		{9852B0A7-DDC6-4876-8539-04FFA670B7B3}.Debug|x86.Build.0 = Debug|Any CPU
		{9852B0A7-DDC6-4876-8539-04FFA670B7B3}.Release|Any CPU.ActiveCfg = Release|Any CPU
		{9852B0A7-DDC6-4876-8539-04FFA670B7B3}.Release|Any CPU.Build.0 = Release|Any CPU
		{9852B0A7-DDC6-4876-8539-04FFA670B7B3}.Release|x64.ActiveCfg = Release|Any CPU
		{9852B0A7-DDC6-4876-8539-04FFA670B7B3}.Release|x64.Build.0 = Release|Any CPU
		{9852B0A7-DDC6-4876-8539-04FFA670B7B3}.Release|x86.ActiveCfg = Release|Any CPU
		{9852B0A7-DDC6-4876-8539-04FFA670B7B3}.Release|x86.Build.0 = Release|Any CPU
		{7DE787C3-F07C-4739-9B23-C82F686332AB}.Debug|Any CPU.ActiveCfg = Debug|Any CPU
		{7DE787C3-F07C-4739-9B23-C82F686332AB}.Debug|Any CPU.Build.0 = Debug|Any CPU
		{7DE787C3-F07C-4739-9B23-C82F686332AB}.Debug|x64.ActiveCfg = Debug|Any CPU
		{7DE787C3-F07C-4739-9B23-C82F686332AB}.Debug|x64.Build.0 = Debug|Any CPU
		{7DE787C3-F07C-4739-9B23-C82F686332AB}.Debug|x86.ActiveCfg = Debug|Any CPU
		{7DE787C3-F07C-4739-9B23-C82F686332AB}.Debug|x86.Build.0 = Debug|Any CPU
		{7DE787C3-F07C-4739-9B23-C82F686332AB}.Release|Any CPU.ActiveCfg = Release|Any CPU
		{7DE787C3-F07C-4739-9B23-C82F686332AB}.Release|Any CPU.Build.0 = Release|Any CPU
		{7DE787C3-F07C-4739-9B23-C82F686332AB}.Release|x64.ActiveCfg = Release|Any CPU
		{7DE787C3-F07C-4739-9B23-C82F686332AB}.Release|x64.Build.0 = Release|Any CPU
		{7DE787C3-F07C-4739-9B23-C82F686332AB}.Release|x86.ActiveCfg = Release|Any CPU
		{7DE787C3-F07C-4739-9B23-C82F686332AB}.Release|x86.Build.0 = Release|Any CPU
	EndGlobalSection
	GlobalSection(SolutionProperties) = preSolution
		HideSolutionNode = FALSE
	EndGlobalSection
	GlobalSection(ExtensibilityGlobals) = postSolution
		SolutionGuid = {D72CC5ED-6EF0-48FF-A71D-EB2075E02A04}
	EndGlobalSection
EndGlobal
