
Microsoft Visual Studio Solution File, Format Version 12.00
# Visual Studio Version 17
VisualStudioVersion = 17.9.34902.65
MinimumVisualStudioVersion = 10.0.40219.1
Project("{9A19103F-16F7-4668-BE54-9A1E7A4F7556}") = "TestLambda_UltimatePDF_ExternalLogic", "src\TestLambda_UltimatePDF_ExternalLogic\TestLambda_UltimatePDF_ExternalLogic.csproj", "{CCE18138-DC82-403E-881F-022417AAA59A}"
EndProject
Project("{9A19103F-16F7-4668-BE54-9A1E7A4F7556}") = "UltimatePDF_ExternalLogic", "..\UltimatePDF_ExternalLogic\UltimatePDF_ExternalLogic.csproj", "{3817D221-4D2E-47BF-88E6-C9B4447D1695}"
EndProject
Global
	GlobalSection(SolutionConfigurationPlatforms) = preSolution
		Debug|Any CPU = Debug|Any CPU
		Release|Any CPU = Release|Any CPU
	EndGlobalSection
	GlobalSection(ProjectConfigurationPlatforms) = postSolution
		{CCE18138-DC82-403E-881F-022417AAA59A}.Debug|Any CPU.ActiveCfg = Debug|Any CPU
		{CCE18138-DC82-403E-881F-022417AAA59A}.Debug|Any CPU.Build.0 = Debug|Any CPU
		{CCE18138-DC82-403E-881F-022417AAA59A}.Release|Any CPU.ActiveCfg = Release|Any CPU
		{CCE18138-DC82-403E-881F-022417AAA59A}.Release|Any CPU.Build.0 = Release|Any CPU
		{3817D221-4D2E-47BF-88E6-C9B4447D1695}.Debug|Any CPU.ActiveCfg = Debug|Any CPU
		{3817D221-4D2E-47BF-88E6-C9B4447D1695}.Debug|Any CPU.Build.0 = Debug|Any CPU
		{3817D221-4D2E-47BF-88E6-C9B4447D1695}.Release|Any CPU.ActiveCfg = Release|Any CPU
		{3817D221-4D2E-47BF-88E6-C9B4447D1695}.Release|Any CPU.Build.0 = Release|Any CPU
	EndGlobalSection
	GlobalSection(SolutionProperties) = preSolution
		HideSolutionNode = FALSE
	EndGlobalSection
	GlobalSection(ExtensibilityGlobals) = postSolution
		SolutionGuid = {A6A6D811-3178-4FC4-9FC6-F5168ABE3325}
	EndGlobalSection
EndGlobal
